{
  "requires": true,
  "lockfileVersion": 1,
  "dependencies": {
    "leaflet": {
      "version": "1.3.3",
      "resolved": "https://registry.npmjs.org/leaflet/-/leaflet-1.3.3.tgz",
      "integrity": "sha512-R9Cu5s0bdEXb9zh0nU17pV00IEvRh4xpWR9g1Oqz17jEDuMtkhy6DoYN1Q5WjvoDMRmq389zDVueUs9A2uWZSg=="
    }
  }
}
